
Microsoft Visual Studio Solution File, Format Version 12.00
# Visual Studio Version 17
VisualStudioVersion = 17.11.35312.102
MinimumVisualStudioVersion = 10.0.40219.1
Project("{FAE04EC0-301F-11D3-BF4B-00C04F79EFBC}") = "26-28sweNamelessBE", "26-28sweNamelessBE.csproj", "{E0C628FD-2229-4A80-978A-216A201489FD}"
EndProject
Global
	GlobalSection(SolutionConfigurationPlatforms) = preSolution
		Debug|Any CPU = Debug|Any CPU
		Release|Any CPU = Release|Any CPU
	EndGlobalSection
	GlobalSection(ProjectConfigurationPlatforms) = postSolution
		{E0C628FD-2229-4A80-978A-216A201489FD}.Debug|Any CPU.ActiveCfg = Debug|Any CPU
		{E0C628FD-2229-4A80-978A-216A201489FD}.Debug|Any CPU.Build.0 = Debug|Any CPU
		{E0C628FD-2229-4A80-978A-216A201489FD}.Release|Any CPU.ActiveCfg = Release|Any CPU
		{E0C628FD-2229-4A80-978A-216A201489FD}.Release|Any CPU.Build.0 = Release|Any CPU
	EndGlobalSection
	GlobalSection(SolutionProperties) = preSolution
		HideSolutionNode = FALSE
	EndGlobalSection
	GlobalSection(ExtensibilityGlobals) = postSolution
		SolutionGuid = {EF9B7C90-0A38-478D-9A4E-18C47718C160}
	EndGlobalSection
EndGlobal
